// !$*UTF8*$!
{
	archiveVersion = 1;
	classes = {
	};
	objectVersion = 46;
	objects = {

/* Begin PBXBuildFile section */
		1C4C4A0E1AD5299C007E80B9 /* main.m in Sources */ = {isa = PBXBuildFile; fileRef = 1C4C4A0D1AD5299C007E80B9 /* main.m */; };
		1C4C4A111AD5299C007E80B9 /* AppDelegate.m in Sources */ = {isa = PBXBuildFile; fileRef = 1C4C4A101AD5299C007E80B9 /* AppDelegate.m */; };
		1C4C4A171AD5299C007E80B9 /* Main.storyboard in Resources */ = {isa = PBXBuildFile; fileRef = 1C4C4A151AD5299C007E80B9 /* Main.storyboard */; };
		1C4C4A191AD5299C007E80B9 /* Images.xcassets in Resources */ = {isa = PBXBuildFile; fileRef = 1C4C4A181AD5299C007E80B9 /* Images.xcassets */; };
		1C4C4A1C1AD5299C007E80B9 /* LaunchScreen.xib in Resources */ = {isa = PBXBuildFile; fileRef = 1C4C4A1A1AD5299C007E80B9 /* LaunchScreen.xib */; };
		1C4C4A281AD5299C007E80B9 /* UIGestureRecognizerTests.m in Sources */ = {isa = PBXBuildFile; fileRef = 1C4C4A271AD5299C007E80B9 /* UIGestureRecognizerTests.m */; };
		1C4C4A321AD529F6007E80B9 /* pic.png in Resources */ = {isa = PBXBuildFile; fileRef = 1C4C4A311AD529F6007E80B9 /* pic.png */; };
		1C7602C41AD625B9000C0BD7 /* ViewController.m in Sources */ = {isa = PBXBuildFile; fileRef = 1C7602C31AD625B9000C0BD7 /* ViewController.m */; };
/* End PBXBuildFile section */

/* Begin PBXContainerItemProxy section */
		1C4C4A221AD5299C007E80B9 /* PBXContainerItemProxy */ = {
			isa = PBXContainerItemProxy;
			containerPortal = 1C4C4A001AD5299C007E80B9 /* Project object */;
			proxyType = 1;
			remoteGlobalIDString = 1C4C4A071AD5299C007E80B9;
			remoteInfo = UIGestureRecognizer;
		};
/* End PBXContainerItemProxy section */

/* Begin PBXFileReference section */
		1C4C4A081AD5299C007E80B9 /* UIGestureRecognizer.app */ = {isa = PBXFileReference; explicitFileType = wrapper.application; includeInIndex = 0; path = UIGestureRecognizer.app; sourceTree = BUILT_PRODUCTS_DIR; };
		1C4C4A0C1AD5299C007E80B9 /* Info.plist */ = {isa = PBXFileReference; lastKnownFileType = text.plist.xml; path = Info.plist; sourceTree = "<group>"; };
		1C4C4A0D1AD5299C007E80B9 /* main.m */ = {isa = PBXFileReference; lastKnownFileType = sourcecode.c.objc; path = main.m; sourceTree = "<group>"; };
		1C4C4A0F1AD5299C007E80B9 /* AppDelegate.h */ = {isa = PBXFileReference; lastKnownFileType = sourcecode.c.h; path = AppDelegate.h; sourceTree = "<group>"; };
		1C4C4A101AD5299C007E80B9 /* AppDelegate.m */ = {isa = PBXFileReference; lastKnownFileType = sourcecode.c.objc; path = AppDelegate.m; sourceTree = "<group>"; };
		1C4C4A121AD5299C007E80B9 /* ViewController.h */ = {isa = PBXFileReference; lastKnownFileType = sourcecode.c.h; path = ViewController.h; sourceTree = "<group>"; };
		1C4C4A161AD5299C007E80B9 /* Base */ = {isa = PBXFileReference; lastKnownFileType = file.storyboard; name = Base; path = Base.lproj/Main.storyboard; sourceTree = "<group>"; };
		1C4C4A181AD5299C007E80B9 /* Images.xcassets */ = {isa = PBXFileReference; lastKnownFileType = folder.assetcatalog; path = Images.xcassets; sourceTree = "<group>"; };
		1C4C4A1B1AD5299C007E80B9 /* Base */ = {isa = PBXFileReference; lastKnownFileType = file.xib; name = Base; path = Base.lproj/LaunchScreen.xib; sourceTree = "<group>"; };
		1C4C4A211AD5299C007E80B9 /* UIGestureRecognizerTests.xctest */ = {isa = PBXFileReference; explicitFileType = wrapper.cfbundle; includeInIndex = 0; path = UIGestureRecognizerTests.xctest; sourceTree = BUILT_PRODUCTS_DIR; };
		1C4C4A261AD5299C007E80B9 /* Info.plist */ = {isa = PBXFileReference; lastKnownFileType = text.plist.xml; path = Info.plist; sourceTree = "<group>"; };
		1C4C4A271AD5299C007E80B9 /* UIGestureRecognizerTests.m */ = {isa = PBXFileReference; lastKnownFileType = sourcecode.c.objc; path = UIGestureRecognizerTests.m; sourceTree = "<group>"; };
		1C4C4A311AD529F6007E80B9 /* pic.png */ = {isa = PBXFileReference; lastKnownFileType = image.png; path = pic.png; sourceTree = "<group>"; };
		1C7602C31AD625B9000C0BD7 /* ViewController.m */ = {isa = PBXFileReference; fileEncoding = 4; lastKnownFileType = sourcecode.c.objc; path = ViewController.m; sourceTree = "<group>"; };
/* End PBXFileReference section */

/* Begin PBXFrameworksBuildPhase section */
		1C4C4A051AD5299C007E80B9 /* Frameworks */ = {
			isa = PBXFrameworksBuildPhase;
			buildActionMask = 2147483647;
			files = (
			);
			runOnlyForDeploymentPostprocessing = 0;
		};
		1C4C4A1E1AD5299C007E80B9 /* Frameworks */ = {
			isa = PBXFrameworksBuildPhase;
			buildActionMask = 2147483647;
			files = (
			);
			runOnlyForDeploymentPostprocessing = 0;
		};
/* End PBXFrameworksBuildPhase section */

/* Begin PBXGroup section */
		1C4C49FF1AD5299C007E80B9 = {
			isa = PBXGroup;
			children = (
				1C4C4A0A1AD5299C007E80B9 /* UIGestureRecognizer */,
				1C4C4A241AD5299C007E80B9 /* UIGestureRecognizerTests */,
				1C4C4A091AD5299C007E80B9 /* Products */,
			);
			sourceTree = "<group>";
		};
		1C4C4A091AD5299C007E80B9 /* Products */ = {
			isa = PBXGroup;
			children = (
				1C4C4A081AD5299C007E80B9 /* UIGestureRecognizer.app */,
				1C4C4A211AD5299C007E80B9 /* UIGestureRecognizerTests.xctest */,
			);
			name = Products;
			sourceTree = "<group>";
		};
		1C4C4A0A1AD5299C007E80B9 /* UIGestureRecognizer */ = {
			isa = PBXGroup;
			children = (
				1C4C4A311AD529F6007E80B9 /* pic.png */,
				1C4C4A0F1AD5299C007E80B9 /* AppDelegate.h */,
				1C4C4A101AD5299C007E80B9 /* AppDelegate.m */,
				1C4C4A121AD5299C007E80B9 /* ViewController.h */,
				1C7602C31AD625B9000C0BD7 /* ViewController.m */,
				1C4C4A151AD5299C007E80B9 /* Main.storyboard */,
				1C4C4A181AD5299C007E80B9 /* Images.xcassets */,
				1C4C4A1A1AD5299C007E80B9 /* LaunchScreen.xib */,
				1C4C4A0B1AD5299C007E80B9 /* Supporting Files */,
			);
			path = UIGestureRecognizer;
			sourceTree = "<group>";
		};
		1C4C4A0B1AD5299C007E80B9 /* Supporting Files */ = {
			isa = PBXGroup;
			children = (
				1C4C4A0C1AD5299C007E80B9 /* Info.plist */,
				1C4C4A0D1AD5299C007E80B9 /* main.m */,
			);
			name = "Supporting Files";
			sourceTree = "<group>";
		};
		1C4C4A241AD5299C007E80B9 /* UIGestureRecognizerTests */ = {
			isa = PBXGroup;
			children = (
				1C4C4A271AD5299C007E80B9 /* UIGestureRecognizerTests.m */,
				1C4C4A251AD5299C007E80B9 /* Supporting Files */,
			);
			path = UIGestureRecognizerTests;
			sourceTree = "<group>";
		};
		1C4C4A251AD5299C007E80B9 /* Supporting Files */ = {
			isa = PBXGroup;
			children = (
				1C4C4A261AD5299C007E80B9 /* Info.plist */,
			);
			name = "Supporting Files";
			sourceTree = "<group>";
		};
/* End PBXGroup section */

/* Begin PBXNativeTarget section */
		1C4C4A071AD5299C007E80B9 /* UIGestureRecognizer */ = {
			isa = PBXNativeTarget;
			buildConfigurationList = 1C4C4A2B1AD5299C007E80B9 /* Build configuration list for PBXNativeTarget "UIGestureRecognizer" */;
			buildPhases = (
				1C4C4A041AD5299C007E80B9 /* Sources */,
				1C4C4A051AD5299C007E80B9 /* Frameworks */,
				1C4C4A061AD5299C007E80B9 /* Resources */,
			);
			buildRules = (
			);
			dependencies = (
			);
			name = UIGestureRecognizer;
			productName = UIGestureRecognizer;
			productReference = 1C4C4A081AD5299C007E80B9 /* UIGestureRecognizer.app */;
			productType = "com.apple.product-type.application";
		};
		1C4C4A201AD5299C007E80B9 /* UIGestureRecognizerTests */ = {
			isa = PBXNativeTarget;
			buildConfigurationList = 1C4C4A2E1AD5299C007E80B9 /* Build configuration list for PBXNativeTarget "UIGestureRecognizerTests" */;
			buildPhases = (
				1C4C4A1D1AD5299C007E80B9 /* Sources */,
				1C4C4A1E1AD5299C007E80B9 /* Frameworks */,
				1C4C4A1F1AD5299C007E80B9 /* Resources */,
			);
			buildRules = (
			);
			dependencies = (
				1C4C4A231AD5299C007E80B9 /* PBXTargetDependency */,
			);
			name = UIGestureRecognizerTests;
			productName = UIGestureRecognizerTests;
			productReference = 1C4C4A211AD5299C007E80B9 /* UIGestureRecognizerTests.xctest */;
			productType = "com.apple.product-type.bundle.unit-test";
		};
/* End PBXNativeTarget section */

/* Begin PBXProject section */
		1C4C4A001AD5299C007E80B9 /* Project object */ = {
			isa = PBXProject;
			attributes = {
				LastUpgradeCheck = 0620;
				ORGANIZATIONNAME = Migoo;
				TargetAttributes = {
					1C4C4A071AD5299C007E80B9 = {
						CreatedOnToolsVersion = 6.2;
					};
					1C4C4A201AD5299C007E80B9 = {
						CreatedOnToolsVersion = 6.2;
						TestTargetID = 1C4C4A071AD5299C007E80B9;
					};
				};
			};
			buildConfigurationList = 1C4C4A031AD5299C007E80B9 /* Build configuration list for PBXProject "UIGestureRecognizer" */;
			compatibilityVersion = "Xcode 3.2";
			developmentRegion = English;
			hasScannedForEncodings = 0;
			knownRegions = (
				en,
				Base,
			);
			mainGroup = 1C4C49FF1AD5299C007E80B9;
			productRefGroup = 1C4C4A091AD5299C007E80B9 /* Products */;
			projectDirPath = "";
			projectRoot = "";
			targets = (
				1C4C4A071AD5299C007E80B9 /* UIGestureRecognizer */,
				1C4C4A201AD5299C007E80B9 /* UIGestureRecognizerTests */,
			);
		};
/* End PBXProject section */

/* Begin PBXResourcesBuildPhase section */
		1C4C4A061AD5299C007E80B9 /* Resources */ = {
			isa = PBXResourcesBuildPhase;
			buildActionMask = 2147483647;
			files = (
				1C4C4A171AD5299C007E80B9 /* Main.storyboard in Resources */,
				1C4C4A321AD529F6007E80B9 /* pic.png in Resources */,
				1C4C4A1C1AD5299C007E80B9 /* LaunchScreen.xib in Resources */,
				1C4C4A191AD5299C007E80B9 /* Images.xcassets in Resources */,
			);
			runOnlyForDeploymentPostprocessing = 0;
		};
		1C4C4A1F1AD5299C007E80B9 /* Resources */ = {
			isa = PBXResourcesBuildPhase;
			buildActionMask = 2147483647;
			files = (
			);
			runOnlyForDeploymentPostprocessing = 0;
		};
/* End PBXResourcesBuildPhase section */

/* Begin PBXSourcesBuildPhase section */
		1C4C4A041AD5299C007E80B9 /* Sources */ = {
			isa = PBXSourcesBuildPhase;
			buildActionMask = 2147483647;
			files = (
				1C7602C41AD625B9000C0BD7 /* ViewController.m in Sources */,
				1C4C4A111AD5299C007E80B9 /* AppDelegate.m in Sources */,
				1C4C4A0E1AD5299C007E80B9 /* main.m in Sources */,
			);
			runOnlyForDeploymentPostprocessing = 0;
		};
		1C4C4A1D1AD5299C007E80B9 /* Sources */ = {
			isa = PBXSourcesBuildPhase;
			buildActionMask = 2147483647;
			files = (
				1C4C4A281AD5299C007E80B9 /* UIGestureRecognizerTests.m in Sources */,
			);
			runOnlyForDeploymentPostprocessing = 0;
		};
/* End PBXSourcesBuildPhase section */

/* Begin PBXTargetDependency section */
		1C4C4A231AD5299C007E80B9 /* PBXTargetDependency */ = {
			isa = PBXTargetDependency;
			target = 1C4C4A071AD5299C007E80B9 /* UIGestureRecognizer */;
			targetProxy = 1C4C4A221AD5299C007E80B9 /* PBXContainerItemProxy */;
		};
/* End PBXTargetDependency section */

/* Begin PBXVariantGroup section */
		1C4C4A151AD5299C007E80B9 /* Main.storyboard */ = {
			isa = PBXVariantGroup;
			children = (
				1C4C4A161AD5299C007E80B9 /* Base */,
			);
			name = Main.storyboard;
			sourceTree = "<group>";
		};
		1C4C4A1A1AD5299C007E80B9 /* LaunchScreen.xib */ = {
			isa = PBXVariantGroup;
			children = (
				1C4C4A1B1AD5299C007E80B9 /* Base */,
			);
			name = LaunchScreen.xib;
			sourceTree = "<group>";
		};
/* End PBXVariantGroup section */

/* Begin XCBuildConfiguration section */
		1C4C4A291AD5299C007E80B9 /* Debug */ = {
			isa = XCBuildConfiguration;
			buildSettings = {
				ALWAYS_SEARCH_USER_PATHS = NO;
				CLANG_CXX_LANGUAGE_STANDARD = "gnu++0x";
				CLANG_CXX_LIBRARY = "libc++";
				CLANG_ENABLE_MODULES = YES;
				CLANG_ENABLE_OBJC_ARC = YES;
				CLANG_WARN_BOOL_CONVERSION = YES;
				CLANG_WARN_CONSTANT_CONVERSION = YES;
				CLANG_WARN_DIRECT_OBJC_ISA_USAGE = YES_ERROR;
				CLANG_WARN_EMPTY_BODY = YES;
				CLANG_WARN_ENUM_CONVERSION = YES;
				CLANG_WARN_INT_CONVERSION = YES;
				CLANG_WARN_OBJC_ROOT_CLASS = YES_ERROR;
				CLANG_WARN_UNREACHABLE_CODE = YES;
				CLANG_WARN__DUPLICATE_METHOD_MATCH = YES;
				"CODE_SIGN_IDENTITY[sdk=iphoneos*]" = "iPhone Developer";
				COPY_PHASE_STRIP = NO;
				ENABLE_STRICT_OBJC_MSGSEND = YES;
				GCC_C_LANGUAGE_STANDARD = gnu99;
				GCC_DYNAMIC_NO_PIC = NO;
				GCC_OPTIMIZATION_LEVEL = 0;
				GCC_PREPROCESSOR_DEFINITIONS = (
					"DEBUG=1",
					"$(inherited)",
				);
				GCC_SYMBOLS_PRIVATE_EXTERN = NO;
				GCC_WARN_64_TO_32_BIT_CONVERSION = YES;
				GCC_WARN_ABOUT_RETURN_TYPE = YES_ERROR;
				GCC_WARN_UNDECLARED_SELECTOR = YES;
				GCC_WARN_UNINITIALIZED_AUTOS = YES_AGGRESSIVE;
				GCC_WARN_UNUSED_FUNCTION = YES;
				GCC_WARN_UNUSED_VARIABLE = YES;
				IPHONEOS_DEPLOYMENT_TARGET = 8.2;
				MTL_ENABLE_DEBUG_INFO = YES;
				ONLY_ACTIVE_ARCH = YES;
				SDKROOT = iphoneos;
				TARGETED_DEVICE_FAMILY = "1,2";
			};
			name = Debug;
		};
		1C4C4A2A1AD5299C007E80B9 /* Release */ = {
			isa = XCBuildConfiguration;
			buildSettings = {
				ALWAYS_SEARCH_USER_PATHS = NO;
				CLANG_CXX_LANGUAGE_STANDARD = "gnu++0x";
				CLANG_CXX_LIBRARY = "libc++";
				CLANG_ENABLE_MODULES = YES;
				CLANG_ENABLE_OBJC_ARC = YES;
				CLANG_WARN_BOOL_CONVERSION = YES;
				CLANG_WARN_CONSTANT_CONVERSION = YES;
				CLANG_WARN_DIRECT_OBJC_ISA_USAGE = YES_ERROR;
				CLANG_WARN_EMPTY_BODY = YES;
				CLANG_WARN_ENUM_CONVERSION = YES;
				CLANG_WARN_INT_CONVERSION = YES;
				CLANG_WARN_OBJC_ROOT_CLASS = YES_ERROR;
				CLANG_WARN_UNREACHABLE_CODE = YES;
				CLANG_WARN__DUPLICATE_METHOD_MATCH = YES;
				"CODE_SIGN_IDENTITY[sdk=iphoneos*]" = "iPhone Developer";
				COPY_PHASE_STRIP = NO;
				ENABLE_NS_ASSERTIONS = NO;
				ENABLE_STRICT_OBJC_MSGSEND = YES;
				GCC_C_LANGUAGE_STANDARD = gnu99;
				GCC_WARN_64_TO_32_BIT_CONVERSION = YES;
				GCC_WARN_ABOUT_RETURN_TYPE = YES_ERROR;
				GCC_WARN_UNDECLARED_SELECTOR = YES;
				GCC_WARN_UNINITIALIZED_AUTOS = YES_AGGRESSIVE;
				GCC_WARN_UNUSED_FUNCTION = YES;
				GCC_WARN_UNUSED_VARIABLE = YES;
				IPHONEOS_DEPLOYMENT_TARGET = 8.2;
				MTL_ENABLE_DEBUG_INFO = NO;
				SDKROOT = iphoneos;
				TARGETED_DEVICE_FAMILY = "1,2";
				VALIDATE_PRODUCT = YES;
			};
			name = Release;
		};
		1C4C4A2C1AD5299C007E80B9 /* Debug */ = {
			isa = XCBuildConfiguration;
			buildSettings = {
				ASSETCATALOG_COMPILER_APPICON_NAME = AppIcon;
				INFOPLIST_FILE = UIGestureRecognizer/Info.plist;
				LD_RUNPATH_SEARCH_PATHS = "$(inherited) @executable_path/Frameworks";
				PRODUCT_NAME = "$(TARGET_NAME)";
			};
			name = Debug;
		};
		1C4C4A2D1AD5299C007E80B9 /* Release */ = {
			isa = XCBuildConfiguration;
			buildSettings = {
				ASSETCATALOG_COMPILER_APPICON_NAME = AppIcon;
				INFOPLIST_FILE = UIGestureRecognizer/Info.plist;
				LD_RUNPATH_SEARCH_PATHS = "$(inherited) @executable_path/Frameworks";
				PRODUCT_NAME = "$(TARGET_NAME)";
			};
			name = Release;
		};
		1C4C4A2F1AD5299C007E80B9 /* Debug */ = {
			isa = XCBuildConfiguration;
			buildSettings = {
				BUNDLE_LOADER = "$(TEST_HOST)";
				FRAMEWORK_SEARCH_PATHS = (
					"$(SDKROOT)/Developer/Library/Frameworks",
					"$(inherited)",
				);
				GCC_PREPROCESSOR_DEFINITIONS = (
					"DEBUG=1",
					"$(inherited)",
				);
				INFOPLIST_FILE = UIGestureRecognizerTests/Info.plist;
				LD_RUNPATH_SEARCH_PATHS = "$(inherited) @executable_path/Frameworks @loader_path/Frameworks";
				PRODUCT_NAME = "$(TARGET_NAME)";
				TEST_HOST = "$(BUILT_PRODUCTS_DIR)/UIGestureRecognizer.app/UIGestureRecognizer";
			};
			name = Debug;
		};
		1C4C4A301AD5299C007E80B9 /* Release */ = {
			isa = XCBuildConfiguration;
			buildSettings = {
				BUNDLE_LOADER = "$(TEST_HOST)";
				FRAMEWORK_SEARCH_PATHS = (
					"$(SDKROOT)/Developer/Library/Frameworks",
					"$(inherited)",
				);
				INFOPLIST_FILE = UIGestureRecognizerTests/Info.plist;
				LD_RUNPATH_SEARCH_PATHS = "$(inherited) @executable_path/Frameworks @loader_path/Frameworks";
				PRODUCT_NAME = "$(TARGET_NAME)";
				TEST_HOST = "$(BUILT_PRODUCTS_DIR)/UIGestureRecognizer.app/UIGestureRecognizer";
			};
			name = Release;
		};
/* End XCBuildConfiguration section */

/* Begin XCConfigurationList section */
		1C4C4A031AD5299C007E80B9 /* Build configuration list for PBXProject "UIGestureRecognizer" */ = {
			isa = XCConfigurationList;
			buildConfigurations = (
				1C4C4A291AD5299C007E80B9 /* Debug */,
				1C4C4A2A1AD5299C007E80B9 /* Release */,
			);
			defaultConfigurationIsVisible = 0;
			defaultConfigurationName = Release;
		};
		1C4C4A2B1AD5299C007E80B9 /* Build configuration list for PBXNativeTarget "UIGestureRecognizer" */ = {
			isa = XCConfigurationList;
			buildConfigurations = (
				1C4C4A2C1AD5299C007E80B9 /* Debug */,
				1C4C4A2D1AD5299C007E80B9 /* Release */,
			);
			defaultConfigurationIsVisible = 0;
			defaultConfigurationName = Release;
		};
		1C4C4A2E1AD5299C007E80B9 /* Build configuration list for PBXNativeTarget "UIGestureRecognizerTests" */ = {
			isa = XCConfigurationList;
			buildConfigurations = (
				1C4C4A2F1AD5299C007E80B9 /* Debug */,
				1C4C4A301AD5299C007E80B9 /* Release */,
			);
			defaultConfigurationIsVisible = 0;
			defaultConfigurationName = Release;
		};
/* End XCConfigurationList section */
	};
	rootObject = 1C4C4A001AD5299C007E80B9 /* Project object */;
}
